// !$*UTF8*$!
{
	archiveVersion = 1;
	classes = {
	};
	objectVersion = 56;
	objects = {

/* Begin PBXBuildFile section */
		FA83B9C02CE32A6600F04871 /* AppDelegate.swift in Sources */ = {isa = PBXBuildFile; fileRef = FA83B9BF2CE32A6600F04871 /* AppDelegate.swift */; };
		FA83B9C22CE32A6600F04871 /* SceneDelegate.swift in Sources */ = {isa = PBXBuildFile; fileRef = FA83B9C12CE32A6600F04871 /* SceneDelegate.swift */; };
		FA83B9C42CE32A6600F04871 /* ViewController.swift in Sources */ = {isa = PBXBuildFile; fileRef = FA83B9C32CE32A6600F04871 /* ViewController.swift */; };
		FA83B9C72CE32A6600F04871 /* Main.storyboard in Resources */ = {isa = PBXBuildFile; fileRef = FA83B9C52CE32A6600F04871 /* Main.storyboard */; };
		FA83B9C92CE32A6B00F04871 /* Assets.xcassets in Resources */ = {isa = PBXBuildFile; fileRef = FA83B9C82CE32A6B00F04871 /* Assets.xcassets */; };
		FA83B9CC2CE32A6B00F04871 /* LaunchScreen.storyboard in Resources */ = {isa = PBXBuildFile; fileRef = FA83B9CA2CE32A6B00F04871 /* LaunchScreen.storyboard */; };
		FA83B9DB2CE32C1F00F04871 /* Localizable.strings in Resources */ = {isa = PBXBuildFile; fileRef = FA83B9DD2CE32C1F00F04871 /* Localizable.strings */; };
/* End PBXBuildFile section */

/* Begin PBXFileReference section */
		FA83B9BC2CE32A6600F04871 /* Localizable.app */ = {isa = PBXFileReference; explicitFileType = wrapper.application; includeInIndex = 0; path = Localizable.app; sourceTree = BUILT_PRODUCTS_DIR; };
		FA83B9BF2CE32A6600F04871 /* AppDelegate.swift */ = {isa = PBXFileReference; lastKnownFileType = sourcecode.swift; path = AppDelegate.swift; sourceTree = "<group>"; };
		FA83B9C12CE32A6600F04871 /* SceneDelegate.swift */ = {isa = PBXFileReference; lastKnownFileType = sourcecode.swift; path = SceneDelegate.swift; sourceTree = "<group>"; };
		FA83B9C32CE32A6600F04871 /* ViewController.swift */ = {isa = PBXFileReference; lastKnownFileType = sourcecode.swift; path = ViewController.swift; sourceTree = "<group>"; };
		FA83B9C62CE32A6600F04871 /* Base */ = {isa = PBXFileReference; lastKnownFileType = file.storyboard; name = Base; path = Base.lproj/Main.storyboard; sourceTree = "<group>"; };
		FA83B9C82CE32A6B00F04871 /* Assets.xcassets */ = {isa = PBXFileReference; lastKnownFileType = folder.assetcatalog; path = Assets.xcassets; sourceTree = "<group>"; };
		FA83B9CB2CE32A6B00F04871 /* Base */ = {isa = PBXFileReference; lastKnownFileType = file.storyboard; name = Base; path = Base.lproj/LaunchScreen.storyboard; sourceTree = "<group>"; };
		FA83B9CD2CE32A6B00F04871 /* Info.plist */ = {isa = PBXFileReference; lastKnownFileType = text.plist.xml; path = Info.plist; sourceTree = "<group>"; };
		FA83B9D32CE32AAE00F04871 /* km */ = {isa = PBXFileReference; lastKnownFileType = text.plist.strings; name = km; path = km.lproj/Main.strings; sourceTree = "<group>"; };
		FA83B9D42CE32AAE00F04871 /* km */ = {isa = PBXFileReference; lastKnownFileType = text.plist.strings; name = km; path = km.lproj/LaunchScreen.strings; sourceTree = "<group>"; };
		FA83B9D62CE32BDC00F04871 /* en */ = {isa = PBXFileReference; lastKnownFileType = text.plist.strings; name = en; path = en.lproj/Main.strings; sourceTree = "<group>"; };
		FA83B9D82CE32BE700F04871 /* en */ = {isa = PBXFileReference; lastKnownFileType = text.plist.strings; name = en; path = en.lproj/LaunchScreen.strings; sourceTree = "<group>"; };
		FA83B9DC2CE32C1F00F04871 /* km */ = {isa = PBXFileReference; lastKnownFileType = text.plist.strings; name = km; path = km.lproj/Localizable.strings; sourceTree = "<group>"; };
		FA83B9DE2CE32C2000F04871 /* en */ = {isa = PBXFileReference; lastKnownFileType = text.plist.strings; name = en; path = en.lproj/Localizable.strings; sourceTree = "<group>"; };
/* End PBXFileReference section */

/* Begin PBXFrameworksBuildPhase section */
		FA83B9B92CE32A6600F04871 /* Frameworks */ = {
			isa = PBXFrameworksBuildPhase;
			buildActionMask = 2147483647;
			files = (
			);
			runOnlyForDeploymentPostprocessing = 0;
		};
/* End PBXFrameworksBuildPhase section */

/* Begin PBXGroup section */
		FA83B9B32CE32A6600F04871 = {
			isa = PBXGroup;
			children = (
				FA83B9BE2CE32A6600F04871 /* Localizable */,
				FA83B9BD2CE32A6600F04871 /* Products */,
			);
			sourceTree = "<group>";
		};
		FA83B9BD2CE32A6600F04871 /* Products */ = {
			isa = PBXGroup;
			children = (
				FA83B9BC2CE32A6600F04871 /* Localizable.app */,
			);
			name = Products;
			sourceTree = "<group>";
		};
		FA83B9BE2CE32A6600F04871 /* Localizable */ = {
			isa = PBXGroup;
			children = (
				FA83B9DF2CE32E8900F04871 /* App */,
				FA83B9C32CE32A6600F04871 /* ViewController.swift */,
				FA83B9C52CE32A6600F04871 /* Main.storyboard */,
				FA83B9C82CE32A6B00F04871 /* Assets.xcassets */,
				FA83B9CA2CE32A6B00F04871 /* LaunchScreen.storyboard */,
				FA83B9CD2CE32A6B00F04871 /* Info.plist */,
				FA83B9DD2CE32C1F00F04871 /* Localizable.strings */,
			);
			path = Localizable;
			sourceTree = "<group>";
		};
		FA83B9DF2CE32E8900F04871 /* App */ = {
			isa = PBXGroup;
			children = (
				FA83B9BF2CE32A6600F04871 /* AppDelegate.swift */,
				FA83B9C12CE32A6600F04871 /* SceneDelegate.swift */,
			);
			path = App;
			sourceTree = "<group>";
		};
/* End PBXGroup section */

/* Begin PBXNativeTarget section */
		FA83B9BB2CE32A6600F04871 /* Localizable */ = {
			isa = PBXNativeTarget;
			buildConfigurationList = FA83B9D02CE32A6B00F04871 /* Build configuration list for PBXNativeTarget "Localizable" */;
			buildPhases = (
				FA83B9B82CE32A6600F04871 /* Sources */,
				FA83B9B92CE32A6600F04871 /* Frameworks */,
				FA83B9BA2CE32A6600F04871 /* Resources */,
			);
			buildRules = (
			);
			dependencies = (
			);
			name = Localizable;
			productName = Localizable;
			productReference = FA83B9BC2CE32A6600F04871 /* Localizable.app */;
			productType = "com.apple.product-type.application";
		};
/* End PBXNativeTarget section */

/* Begin PBXProject section */
		FA83B9B42CE32A6600F04871 /* Project object */ = {
			isa = PBXProject;
			attributes = {
				BuildIndependentTargetsInParallel = 1;
				LastSwiftUpdateCheck = 1520;
				LastUpgradeCheck = 1520;
				TargetAttributes = {
					FA83B9BB2CE32A6600F04871 = {
						CreatedOnToolsVersion = 15.2;
					};
				};
			};
			buildConfigurationList = FA83B9B72CE32A6600F04871 /* Build configuration list for PBXProject "Localizable" */;
			compatibilityVersion = "Xcode 14.0";
			developmentRegion = en;
			hasScannedForEncodings = 0;
			knownRegions = (
				en,
				Base,
				km,
			);
			mainGroup = FA83B9B32CE32A6600F04871;
			productRefGroup = FA83B9BD2CE32A6600F04871 /* Products */;
			projectDirPath = "";
			projectRoot = "";
			targets = (
				FA83B9BB2CE32A6600F04871 /* Localizable */,
			);
		};
/* End PBXProject section */

/* Begin PBXResourcesBuildPhase section */
		FA83B9BA2CE32A6600F04871 /* Resources */ = {
			isa = PBXResourcesBuildPhase;
			buildActionMask = 2147483647;
			files = (
				FA83B9CC2CE32A6B00F04871 /* LaunchScreen.storyboard in Resources */,
				FA83B9DB2CE32C1F00F04871 /* Localizable.strings in Resources */,
				FA83B9C92CE32A6B00F04871 /* Assets.xcassets in Resources */,
				FA83B9C72CE32A6600F04871 /* Main.storyboard in Resources */,
			);
			runOnlyForDeploymentPostprocessing = 0;
		};
/* End PBXResourcesBuildPhase section */

/* Begin PBXSourcesBuildPhase section */
		FA83B9B82CE32A6600F04871 /* Sources */ = {
			isa = PBXSourcesBuildPhase;
			buildActionMask = 2147483647;
			files = (
				FA83B9C42CE32A6600F04871 /* ViewController.swift in Sources */,
				FA83B9C02CE32A6600F04871 /* AppDelegate.swift in Sources */,
				FA83B9C22CE32A6600F04871 /* SceneDelegate.swift in Sources */,
			);
			runOnlyForDeploymentPostprocessing = 0;
		};
/* End PBXSourcesBuildPhase section */

/* Begin PBXVariantGroup section */
		FA83B9C52CE32A6600F04871 /* Main.storyboard */ = {
			isa = PBXVariantGroup;
			children = (
				FA83B9C62CE32A6600F04871 /* Base */,
				FA83B9D32CE32AAE00F04871 /* km */,
				FA83B9D62CE32BDC00F04871 /* en */,
			);
			name = Main.storyboard;
			sourceTree = "<group>";
		};
		FA83B9CA2CE32A6B00F04871 /* LaunchScreen.storyboard */ = {
			isa = PBXVariantGroup;
			children = (
				FA83B9CB2CE32A6B00F04871 /* Base */,
				FA83B9D42CE32AAE00F04871 /* km */,
				FA83B9D82CE32BE700F04871 /* en */,
			);
			name = LaunchScreen.storyboard;
			sourceTree = "<group>";
		};
		FA83B9DD2CE32C1F00F04871 /* Localizable.strings */ = {
			isa = PBXVariantGroup;
			children = (
				FA83B9DC2CE32C1F00F04871 /* km */,
				FA83B9DE2CE32C2000F04871 /* en */,
			);
			name = Localizable.strings;
			sourceTree = "<group>";
		};
/* End PBXVariantGroup section */

/* Begin XCBuildConfiguration section */
		FA83B9CE2CE32A6B00F04871 /* Debug */ = {
			isa = XCBuildConfiguration;
			buildSettings = {
				ALWAYS_SEARCH_USER_PATHS = NO;
				ASSETCATALOG_COMPILER_GENERATE_SWIFT_ASSET_SYMBOL_EXTENSIONS = YES;
				CLANG_ANALYZER_LOCALIZABILITY_NONLOCALIZED = YES;
				CLANG_ANALYZER_NONNULL = YES;
				CLANG_ANALYZER_NUMBER_OBJECT_CONVERSION = YES_AGGRESSIVE;
				CLANG_CXX_LANGUAGE_STANDARD = "gnu++20";
				CLANG_ENABLE_MODULES = YES;
				CLANG_ENABLE_OBJC_ARC = YES;
				CLANG_ENABLE_OBJC_WEAK = YES;
				CLANG_WARN_BLOCK_CAPTURE_AUTORELEASING = YES;
				CLANG_WARN_BOOL_CONVERSION = YES;
				CLANG_WARN_COMMA = YES;
				CLANG_WARN_CONSTANT_CONVERSION = YES;
				CLANG_WARN_DEPRECATED_OBJC_IMPLEMENTATIONS = YES;
				CLANG_WARN_DIRECT_OBJC_ISA_USAGE = YES_ERROR;
				CLANG_WARN_DOCUMENTATION_COMMENTS = YES;
				CLANG_WARN_EMPTY_BODY = YES;
				CLANG_WARN_ENUM_CONVERSION = YES;
				CLANG_WARN_INFINITE_RECURSION = YES;
				CLANG_WARN_INT_CONVERSION = YES;
				CLANG_WARN_NON_LITERAL_NULL_CONVERSION = YES;
				CLANG_WARN_OBJC_IMPLICIT_RETAIN_SELF = YES;
				CLANG_WARN_OBJC_LITERAL_CONVERSION = YES;
				CLANG_WARN_OBJC_ROOT_CLASS = YES_ERROR;
				CLANG_WARN_QUOTED_INCLUDE_IN_FRAMEWORK_HEADER = YES;
				CLANG_WARN_RANGE_LOOP_ANALYSIS = YES;
				CLANG_WARN_STRICT_PROTOTYPES = YES;
				CLANG_WARN_SUSPICIOUS_MOVE = YES;
				CLANG_WARN_UNGUARDED_AVAILABILITY = YES_AGGRESSIVE;
				CLANG_WARN_UNREACHABLE_CODE = YES;
				CLANG_WARN__DUPLICATE_METHOD_MATCH = YES;
				COPY_PHASE_STRIP = NO;
				DEBUG_INFORMATION_FORMAT = dwarf;
				ENABLE_STRICT_OBJC_MSGSEND = YES;
				ENABLE_TESTABILITY = YES;
				ENABLE_USER_SCRIPT_SANDBOXING = YES;
				GCC_C_LANGUAGE_STANDARD = gnu17;
				GCC_DYNAMIC_NO_PIC = NO;
				GCC_NO_COMMON_BLOCKS = YES;
				GCC_OPTIMIZATION_LEVEL = 0;
				GCC_PREPROCESSOR_DEFINITIONS = (
					"DEBUG=1",
					"$(inherited)",
				);
				GCC_WARN_64_TO_32_BIT_CONVERSION = YES;
				GCC_WARN_ABOUT_RETURN_TYPE = YES_ERROR;
				GCC_WARN_UNDECLARED_SELECTOR = YES;
				GCC_WARN_UNINITIALIZED_AUTOS = YES_AGGRESSIVE;
				GCC_WARN_UNUSED_FUNCTION = YES;
				GCC_WARN_UNUSED_VARIABLE = YES;
				IPHONEOS_DEPLOYMENT_TARGET = 17.2;
				LOCALIZATION_PREFERS_STRING_CATALOGS = YES;
				MTL_ENABLE_DEBUG_INFO = INCLUDE_SOURCE;
				MTL_FAST_MATH = YES;
				ONLY_ACTIVE_ARCH = YES;
				SDKROOT = iphoneos;
				SWIFT_ACTIVE_COMPILATION_CONDITIONS = "DEBUG $(inherited)";
				SWIFT_OPTIMIZATION_LEVEL = "-Onone";
			};
			name = Debug;
		};
		FA83B9CF2CE32A6B00F04871 /* Release */ = {
			isa = XCBuildConfiguration;
			buildSettings = {
				ALWAYS_SEARCH_USER_PATHS = NO;
				ASSETCATALOG_COMPILER_GENERATE_SWIFT_ASSET_SYMBOL_EXTENSIONS = YES;
				CLANG_ANALYZER_LOCALIZABILITY_NONLOCALIZED = YES;
				CLANG_ANALYZER_NONNULL = YES;
				CLANG_ANALYZER_NUMBER_OBJECT_CONVERSION = YES_AGGRESSIVE;
				CLANG_CXX_LANGUAGE_STANDARD = "gnu++20";
				CLANG_ENABLE_MODULES = YES;
				CLANG_ENABLE_OBJC_ARC = YES;
				CLANG_ENABLE_OBJC_WEAK = YES;
				CLANG_WARN_BLOCK_CAPTURE_AUTORELEASING = YES;
				CLANG_WARN_BOOL_CONVERSION = YES;
				CLANG_WARN_COMMA = YES;
				CLANG_WARN_CONSTANT_CONVERSION = YES;
				CLANG_WARN_DEPRECATED_OBJC_IMPLEMENTATIONS = YES;
				CLANG_WARN_DIRECT_OBJC_ISA_USAGE = YES_ERROR;
				CLANG_WARN_DOCUMENTATION_COMMENTS = YES;
				CLANG_WARN_EMPTY_BODY = YES;
				CLANG_WARN_ENUM_CONVERSION = YES;
				CLANG_WARN_INFINITE_RECURSION = YES;
				CLANG_WARN_INT_CONVERSION = YES;
				CLANG_WARN_NON_LITERAL_NULL_CONVERSION = YES;
				CLANG_WARN_OBJC_IMPLICIT_RETAIN_SELF = YES;
				CLANG_WARN_OBJC_LITERAL_CONVERSION = YES;
				CLANG_WARN_OBJC_ROOT_CLASS = YES_ERROR;
				CLANG_WARN_QUOTED_INCLUDE_IN_FRAMEWORK_HEADER = YES;
				CLANG_WARN_RANGE_LOOP_ANALYSIS = YES;
				CLANG_WARN_STRICT_PROTOTYPES = YES;
				CLANG_WARN_SUSPICIOUS_MOVE = YES;
				CLANG_WARN_UNGUARDED_AVAILABILITY = YES_AGGRESSIVE;
				CLANG_WARN_UNREACHABLE_CODE = YES;
				CLANG_WARN__DUPLICATE_METHOD_MATCH = YES;
				COPY_PHASE_STRIP = NO;
				DEBUG_INFORMATION_FORMAT = "dwarf-with-dsym";
				ENABLE_NS_ASSERTIONS = NO;
				ENABLE_STRICT_OBJC_MSGSEND = YES;
				ENABLE_USER_SCRIPT_SANDBOXING = YES;
				GCC_C_LANGUAGE_STANDARD = gnu17;
				GCC_NO_COMMON_BLOCKS = YES;
				GCC_WARN_64_TO_32_BIT_CONVERSION = YES;
				GCC_WARN_ABOUT_RETURN_TYPE = YES_ERROR;
				GCC_WARN_UNDECLARED_SELECTOR = YES;
				GCC_WARN_UNINITIALIZED_AUTOS = YES_AGGRESSIVE;
				GCC_WARN_UNUSED_FUNCTION = YES;
				GCC_WARN_UNUSED_VARIABLE = YES;
				IPHONEOS_DEPLOYMENT_TARGET = 17.2;
				LOCALIZATION_PREFERS_STRING_CATALOGS = YES;
				MTL_ENABLE_DEBUG_INFO = NO;
				MTL_FAST_MATH = YES;
				SDKROOT = iphoneos;
				SWIFT_COMPILATION_MODE = wholemodule;
				VALIDATE_PRODUCT = YES;
			};
			name = Release;
		};
		FA83B9D12CE32A6B00F04871 /* Debug */ = {
			isa = XCBuildConfiguration;
			buildSettings = {
				ASSETCATALOG_COMPILER_APPICON_NAME = AppIcon;
				ASSETCATALOG_COMPILER_GLOBAL_ACCENT_COLOR_NAME = AccentColor;
				CODE_SIGN_STYLE = Automatic;
				CURRENT_PROJECT_VERSION = 1;
				DEVELOPMENT_TEAM = HCSG6K6N58;
				GENERATE_INFOPLIST_FILE = YES;
				INFOPLIST_FILE = Localizable/Info.plist;
				INFOPLIST_KEY_UIApplicationSupportsIndirectInputEvents = YES;
				INFOPLIST_KEY_UILaunchStoryboardName = LaunchScreen;
				INFOPLIST_KEY_UIMainStoryboardFile = Main;
				INFOPLIST_KEY_UISupportedInterfaceOrientations_iPad = "UIInterfaceOrientationPortrait UIInterfaceOrientationPortraitUpsideDown UIInterfaceOrientationLandscapeLeft UIInterfaceOrientationLandscapeRight";
				INFOPLIST_KEY_UISupportedInterfaceOrientations_iPhone = "UIInterfaceOrientationPortrait UIInterfaceOrientationLandscapeLeft UIInterfaceOrientationLandscapeRight";
				LD_RUNPATH_SEARCH_PATHS = (
					"$(inherited)",
					"@executable_path/Frameworks",
				);
				MARKETING_VERSION = 1.0;
				PRODUCT_BUNDLE_IDENTIFIER = com.rath.Localizable;
				PRODUCT_NAME = "$(TARGET_NAME)";
				SWIFT_EMIT_LOC_STRINGS = YES;
				SWIFT_VERSION = 5.0;
				TARGETED_DEVICE_FAMILY = "1,2";
			};
			name = Debug;
		};
		FA83B9D22CE32A6B00F04871 /* Release */ = {
			isa = XCBuildConfiguration;
			buildSettings = {
				ASSETCATALOG_COMPILER_APPICON_NAME = AppIcon;
				ASSETCATALOG_COMPILER_GLOBAL_ACCENT_COLOR_NAME = AccentColor;
				CODE_SIGN_STYLE = Automatic;
				CURRENT_PROJECT_VERSION = 1;
				DEVELOPMENT_TEAM = HCSG6K6N58;
				GENERATE_INFOPLIST_FILE = YES;
				INFOPLIST_FILE = Localizable/Info.plist;
				INFOPLIST_KEY_UIApplicationSupportsIndirectInputEvents = YES;
				INFOPLIST_KEY_UILaunchStoryboardName = LaunchScreen;
				INFOPLIST_KEY_UIMainStoryboardFile = Main;
				INFOPLIST_KEY_UISupportedInterfaceOrientations_iPad = "UIInterfaceOrientationPortrait UIInterfaceOrientationPortraitUpsideDown UIInterfaceOrientationLandscapeLeft UIInterfaceOrientationLandscapeRight";
				INFOPLIST_KEY_UISupportedInterfaceOrientations_iPhone = "UIInterfaceOrientationPortrait UIInterfaceOrientationLandscapeLeft UIInterfaceOrientationLandscapeRight";
				LD_RUNPATH_SEARCH_PATHS = (
					"$(inherited)",
					"@executable_path/Frameworks",
				);
				MARKETING_VERSION = 1.0;
				PRODUCT_BUNDLE_IDENTIFIER = com.rath.Localizable;
				PRODUCT_NAME = "$(TARGET_NAME)";
				SWIFT_EMIT_LOC_STRINGS = YES;
				SWIFT_VERSION = 5.0;
				TARGETED_DEVICE_FAMILY = "1,2";
			};
			name = Release;
		};
/* End XCBuildConfiguration section */

/* Begin XCConfigurationList section */
		FA83B9B72CE32A6600F04871 /* Build configuration list for PBXProject "Localizable" */ = {
			isa = XCConfigurationList;
			buildConfigurations = (
				FA83B9CE2CE32A6B00F04871 /* Debug */,
				FA83B9CF2CE32A6B00F04871 /* Release */,
			);
			defaultConfigurationIsVisible = 0;
			defaultConfigurationName = Release;
		};
		FA83B9D02CE32A6B00F04871 /* Build configuration list for PBXNativeTarget "Localizable" */ = {
			isa = XCConfigurationList;
			buildConfigurations = (
				FA83B9D12CE32A6B00F04871 /* Debug */,
				FA83B9D22CE32A6B00F04871 /* Release */,
			);
			defaultConfigurationIsVisible = 0;
			defaultConfigurationName = Release;
		};
/* End XCConfigurationList section */
	};
	rootObject = FA83B9B42CE32A6600F04871 /* Project object */;
}
